{
    "version": 3,
    "terraform_version": "0.7.13",
    "serial": 7,
    "lineage": "d3341144-ab0e-465a-9be7-b511dc90417e",
    "modules": [
        {
            "path": [
                "root"
            ],
            "outputs": {},
            "resources": {
                "aws_eip.nat": {
                    "type": "aws_eip",
                    "depends_on": [],
                    "primary": {
                        "id": "eipalloc-8cecc1bd",
                        "attributes": {
                            "association_id": "",
                            "domain": "vpc",
                            "id": "eipalloc-8cecc1bd",
                            "instance": "",
                            "network_interface": "",
                            "private_ip": "",
                            "public_ip": "34.202.5.208",
                            "vpc": "true"
                        },
                        "meta": {},
                        "tainted": false
                    },
                    "deposed": [],
                    "provider": ""
                },
                "aws_internet_gateway.main-igw": {
                    "type": "aws_internet_gateway",
                    "depends_on": [
                        "aws_vpc.main-vpc"
                    ],
                    "primary": {
                        "id": "igw-d00addb6",
                        "attributes": {
                            "id": "igw-d00addb6",
                            "tags.%": "1",
                            "tags.Name": "main-igw",
                            "vpc_id": "vpc-efc8d689"
                        },
                        "meta": {},
                        "tainted": false
                    },
                    "deposed": [],
                    "provider": ""
                },
                "aws_nat_gateway.nat-gw": {
                    "type": "aws_nat_gateway",
                    "depends_on": [
                        "aws_eip.nat",
                        "aws_internet_gateway.main-igw",
                        "aws_subnet.public-subnet-1"
                    ],
                    "primary": {
                        "id": "nat-0f560eb5463a7be2b",
                        "attributes": {
                            "allocation_id": "eipalloc-8cecc1bd",
                            "id": "nat-0f560eb5463a7be2b",
                            "network_interface_id": "eni-acd60a5a",
                            "private_ip": "10.0.1.181",
                            "public_ip": "34.202.5.208",
                            "subnet_id": "subnet-a84fb884"
                        },
                        "meta": {},
                        "tainted": false
                    },
                    "deposed": [],
                    "provider": ""
                },
                "aws_network_acl.private-network-acl": {
                    "type": "aws_network_acl",
                    "depends_on": [
                        "aws_subnet.private-subnet-1",
                        "aws_subnet.private-subnet-2",
                        "aws_subnet.private-subnet-3",
                        "aws_vpc.main-vpc"
                    ],
                    "primary": {
                        "id": "acl-e7ed5e9e",
                        "attributes": {
                            "egress.#": "1",
                            "egress.296684381.action": "allow",
                            "egress.296684381.cidr_block": "0.0.0.0/0",
                            "egress.296684381.from_port": "0",
                            "egress.296684381.icmp_code": "0",
                            "egress.296684381.icmp_type": "0",
                            "egress.296684381.protocol": "-1",
                            "egress.296684381.rule_no": "100",
                            "egress.296684381.to_port": "0",
                            "id": "acl-e7ed5e9e",
                            "ingress.#": "1",
                            "ingress.296684381.action": "allow",
                            "ingress.296684381.cidr_block": "0.0.0.0/0",
                            "ingress.296684381.from_port": "0",
                            "ingress.296684381.icmp_code": "0",
                            "ingress.296684381.icmp_type": "0",
                            "ingress.296684381.protocol": "-1",
                            "ingress.296684381.rule_no": "100",
                            "ingress.296684381.to_port": "0",
                            "subnet_ids.#": "3",
                            "subnet_ids.2396463098": "subnet-804eb9ac",
                            "subnet_ids.2977850506": "subnet-2bd67663",
                            "subnet_ids.3198099706": "subnet-b319f4e9",
                            "tags.%": "1",
                            "tags.Name": "private-network-acl",
                            "vpc_id": "vpc-efc8d689"
                        },
                        "meta": {},
                        "tainted": false
                    },
                    "deposed": [],
                    "provider": ""
                },
                "aws_network_acl.public-network-acl": {
                    "type": "aws_network_acl",
                    "depends_on": [
                        "aws_subnet.public-subnet-1",
                        "aws_subnet.public-subnet-2",
                        "aws_subnet.public-subnet-3",
                        "aws_vpc.main-vpc"
                    ],
                    "primary": {
                        "id": "acl-33ef5c4a",
                        "attributes": {
                            "egress.#": "1",
                            "egress.296684381.action": "allow",
                            "egress.296684381.cidr_block": "0.0.0.0/0",
                            "egress.296684381.from_port": "0",
                            "egress.296684381.icmp_code": "0",
                            "egress.296684381.icmp_type": "0",
                            "egress.296684381.protocol": "-1",
                            "egress.296684381.rule_no": "100",
                            "egress.296684381.to_port": "0",
                            "id": "acl-33ef5c4a",
                            "ingress.#": "1",
                            "ingress.296684381.action": "allow",
                            "ingress.296684381.cidr_block": "0.0.0.0/0",
                            "ingress.296684381.from_port": "0",
                            "ingress.296684381.icmp_code": "0",
                            "ingress.296684381.icmp_type": "0",
                            "ingress.296684381.protocol": "-1",
                            "ingress.296684381.rule_no": "100",
                            "ingress.296684381.to_port": "0",
                            "subnet_ids.#": "3",
                            "subnet_ids.1041494861": "subnet-30d47478",
                            "subnet_ids.141249829": "subnet-6b19f431",
                            "subnet_ids.793086941": "subnet-a84fb884",
                            "tags.%": "1",
                            "tags.Name": "public-network-acl",
                            "vpc_id": "vpc-efc8d689"
                        },
                        "meta": {},
                        "tainted": false
                    },
                    "deposed": [],
                    "provider": ""
                },
                "aws_route_table.private-rt": {
                    "type": "aws_route_table",
                    "depends_on": [
                        "aws_nat_gateway.nat-gw",
                        "aws_vpc.main-vpc"
                    ],
                    "primary": {
                        "id": "rtb-d70f0cae",
                        "attributes": {
                            "id": "rtb-d70f0cae",
                            "propagating_vgws.#": "0",
                            "route.#": "1",
                            "route.3782233836.cidr_block": "0.0.0.0/0",
                            "route.3782233836.gateway_id": "",
                            "route.3782233836.instance_id": "",
                            "route.3782233836.nat_gateway_id": "nat-0f560eb5463a7be2b",
                            "route.3782233836.network_interface_id": "",
                            "route.3782233836.vpc_peering_connection_id": "",
                            "tags.%": "1",
                            "tags.Name": "private-rt",
                            "vpc_id": "vpc-efc8d689"
                        },
                        "meta": {},
                        "tainted": false
                    },
                    "deposed": [],
                    "provider": ""
                },
                "aws_route_table.public-rt": {
                    "type": "aws_route_table",
                    "depends_on": [
                        "aws_internet_gateway.main-igw",
                        "aws_vpc.main-vpc"
                    ],
                    "primary": {
                        "id": "rtb-4d121134",
                        "attributes": {
                            "id": "rtb-4d121134",
                            "propagating_vgws.#": "0",
                            "route.#": "1",
                            "route.1351421690.cidr_block": "0.0.0.0/0",
                            "route.1351421690.gateway_id": "igw-d00addb6",
                            "route.1351421690.instance_id": "",
                            "route.1351421690.nat_gateway_id": "",
                            "route.1351421690.network_interface_id": "",
                            "route.1351421690.vpc_peering_connection_id": "",
                            "tags.%": "1",
                            "tags.Name": "public-rt",
                            "vpc_id": "vpc-efc8d689"
                        },
                        "meta": {},
                        "tainted": false
                    },
                    "deposed": [],
                    "provider": ""
                },
                "aws_route_table_association.database-private-1-a": {
                    "type": "aws_route_table_association",
                    "depends_on": [
                        "aws_route_table.private-rt",
                        "aws_subnet.database-subnet-1"
                    ],
                    "primary": {
                        "id": "rtbassoc-7c09d207",
                        "attributes": {
                            "id": "rtbassoc-7c09d207",
                            "route_table_id": "rtb-d70f0cae",
                            "subnet_id": "subnet-a842b584"
                        },
                        "meta": {},
                        "tainted": false
                    },
                    "deposed": [],
                    "provider": ""
                },
                "aws_route_table_association.database-private-2-a": {
                    "type": "aws_route_table_association",
                    "depends_on": [
                        "aws_route_table.private-rt",
                        "aws_subnet.database-subnet-2"
                    ],
                    "primary": {
                        "id": "rtbassoc-cb14cfb0",
                        "attributes": {
                            "id": "rtbassoc-cb14cfb0",
                            "route_table_id": "rtb-d70f0cae",
                            "subnet_id": "subnet-50da7a18"
                        },
                        "meta": {},
                        "tainted": false
                    },
                    "deposed": [],
                    "provider": ""
                },
                "aws_route_table_association.database-private-3-a": {
                    "type": "aws_route_table_association",
                    "depends_on": [
                        "aws_route_table.private-rt",
                        "aws_subnet.database-subnet-3"
                    ],
                    "primary": {
                        "id": "rtbassoc-9908d3e2",
                        "attributes": {
                            "id": "rtbassoc-9908d3e2",
                            "route_table_id": "rtb-d70f0cae",
                            "subnet_id": "subnet-911bf6cb"
                        },
                        "meta": {},
                        "tainted": false
                    },
                    "deposed": [],
                    "provider": ""
                },
                "aws_route_table_association.main-private-1-a": {
                    "type": "aws_route_table_association",
                    "depends_on": [
                        "aws_route_table.private-rt",
                        "aws_subnet.private-subnet-1"
                    ],
                    "primary": {
                        "id": "rtbassoc-5a08d321",
                        "attributes": {
                            "id": "rtbassoc-5a08d321",
                            "route_table_id": "rtb-d70f0cae",
                            "subnet_id": "subnet-804eb9ac"
                        },
                        "meta": {},
                        "tainted": false
                    },
                    "deposed": [],
                    "provider": ""
                },
                "aws_route_table_association.main-private-2-a": {
                    "type": "aws_route_table_association",
                    "depends_on": [
                        "aws_route_table.private-rt",
                        "aws_subnet.private-subnet-2"
                    ],
                    "primary": {
                        "id": "rtbassoc-380ad143",
                        "attributes": {
                            "id": "rtbassoc-380ad143",
                            "route_table_id": "rtb-d70f0cae",
                            "subnet_id": "subnet-2bd67663"
                        },
                        "meta": {},
                        "tainted": false
                    },
                    "deposed": [],
                    "provider": ""
                },
                "aws_route_table_association.main-private-3-a": {
                    "type": "aws_route_table_association",
                    "depends_on": [
                        "aws_route_table.private-rt",
                        "aws_subnet.private-subnet-3"
                    ],
                    "primary": {
                        "id": "rtbassoc-f60bd08d",
                        "attributes": {
                            "id": "rtbassoc-f60bd08d",
                            "route_table_id": "rtb-d70f0cae",
                            "subnet_id": "subnet-b319f4e9"
                        },
                        "meta": {},
                        "tainted": false
                    },
                    "deposed": [],
                    "provider": ""
                },
                "aws_route_table_association.main-public-1-a": {
                    "type": "aws_route_table_association",
                    "depends_on": [
                        "aws_route_table.public-rt",
                        "aws_subnet.public-subnet-1"
                    ],
                    "primary": {
                        "id": "rtbassoc-1f14cf64",
                        "attributes": {
                            "id": "rtbassoc-1f14cf64",
                            "route_table_id": "rtb-4d121134",
                            "subnet_id": "subnet-a84fb884"
                        },
                        "meta": {},
                        "tainted": false
                    },
                    "deposed": [],
                    "provider": ""
                },
                "aws_route_table_association.main-public-2-a": {
                    "type": "aws_route_table_association",
                    "depends_on": [
                        "aws_route_table.public-rt",
                        "aws_subnet.public-subnet-2"
                    ],
                    "primary": {
                        "id": "rtbassoc-7b09d200",
                        "attributes": {
                            "id": "rtbassoc-7b09d200",
                            "route_table_id": "rtb-4d121134",
                            "subnet_id": "subnet-30d47478"
                        },
                        "meta": {},
                        "tainted": false
                    },
                    "deposed": [],
                    "provider": ""
                },
                "aws_route_table_association.main-public-3-a": {
                    "type": "aws_route_table_association",
                    "depends_on": [
                        "aws_route_table.public-rt",
                        "aws_subnet.public-subnet-3"
                    ],
                    "primary": {
                        "id": "rtbassoc-bd09d2c6",
                        "attributes": {
                            "id": "rtbassoc-bd09d2c6",
                            "route_table_id": "rtb-4d121134",
                            "subnet_id": "subnet-6b19f431"
                        },
                        "meta": {},
                        "tainted": false
                    },
                    "deposed": [],
                    "provider": ""
                },
                "aws_security_group.database-sg": {
                    "type": "aws_security_group",
                    "depends_on": [
                        "aws_security_group.private-sg",
                        "aws_security_group.public-sg",
                        "aws_vpc.main-vpc"
                    ],
                    "primary": {
                        "id": "sg-c4ff19ba",
                        "attributes": {
                            "description": "database security group",
                            "egress.#": "1",
                            "egress.482069346.cidr_blocks.#": "1",
                            "egress.482069346.cidr_blocks.0": "0.0.0.0/0",
                            "egress.482069346.from_port": "0",
                            "egress.482069346.prefix_list_ids.#": "0",
                            "egress.482069346.protocol": "-1",
                            "egress.482069346.security_groups.#": "0",
                            "egress.482069346.self": "false",
                            "egress.482069346.to_port": "0",
                            "id": "sg-c4ff19ba",
                            "ingress.#": "2",
                            "ingress.1013002348.cidr_blocks.#": "0",
                            "ingress.1013002348.from_port": "1521",
                            "ingress.1013002348.protocol": "tcp",
                            "ingress.1013002348.security_groups.#": "1",
                            "ingress.1013002348.security_groups.4198592118": "sg-67fc1a19",
                            "ingress.1013002348.self": "false",
                            "ingress.1013002348.to_port": "1521",
                            "ingress.739614894.cidr_blocks.#": "0",
                            "ingress.739614894.from_port": "22",
                            "ingress.739614894.protocol": "tcp",
                            "ingress.739614894.security_groups.#": "2",
                            "ingress.739614894.security_groups.3798268768": "sg-b5f117cb",
                            "ingress.739614894.security_groups.4198592118": "sg-67fc1a19",
                            "ingress.739614894.self": "false",
                            "ingress.739614894.to_port": "22",
                            "name": "database-sg",
                            "owner_id": "881363470209",
                            "tags.%": "1",
                            "tags.Name": "database-sg",
                            "vpc_id": "vpc-efc8d689"
                        },
                        "meta": {},
                        "tainted": false
                    },
                    "deposed": [],
                    "provider": ""
                },
                "aws_security_group.private-sg": {
                    "type": "aws_security_group",
                    "depends_on": [
                        "aws_security_group.public-sg",
                        "aws_vpc.main-vpc"
                    ],
                    "primary": {
                        "id": "sg-67fc1a19",
                        "attributes": {
                            "description": "app security group",
                            "egress.#": "1",
                            "egress.482069346.cidr_blocks.#": "1",
                            "egress.482069346.cidr_blocks.0": "0.0.0.0/0",
                            "egress.482069346.from_port": "0",
                            "egress.482069346.prefix_list_ids.#": "0",
                            "egress.482069346.protocol": "-1",
                            "egress.482069346.security_groups.#": "0",
                            "egress.482069346.self": "false",
                            "egress.482069346.to_port": "0",
                            "id": "sg-67fc1a19",
                            "ingress.#": "1",
                            "ingress.2277383329.cidr_blocks.#": "0",
                            "ingress.2277383329.from_port": "22",
                            "ingress.2277383329.protocol": "tcp",
                            "ingress.2277383329.security_groups.#": "1",
                            "ingress.2277383329.security_groups.3798268768": "sg-b5f117cb",
                            "ingress.2277383329.self": "false",
                            "ingress.2277383329.to_port": "22",
                            "name": "private-sg",
                            "owner_id": "881363470209",
                            "tags.%": "1",
                            "tags.Name": "private-sg",
                            "vpc_id": "vpc-efc8d689"
                        },
                        "meta": {},
                        "tainted": false
                    },
                    "deposed": [],
                    "provider": ""
                },
                "aws_security_group.public-sg": {
                    "type": "aws_security_group",
                    "depends_on": [
                        "aws_vpc.main-vpc"
                    ],
                    "primary": {
                        "id": "sg-b5f117cb",
                        "attributes": {
                            "description": "public security group",
                            "egress.#": "1",
                            "egress.482069346.cidr_blocks.#": "1",
                            "egress.482069346.cidr_blocks.0": "0.0.0.0/0",
                            "egress.482069346.from_port": "0",
                            "egress.482069346.prefix_list_ids.#": "0",
                            "egress.482069346.protocol": "-1",
                            "egress.482069346.security_groups.#": "0",
                            "egress.482069346.self": "false",
                            "egress.482069346.to_port": "0",
                            "id": "sg-b5f117cb",
                            "ingress.#": "1",
                            "ingress.2541437006.cidr_blocks.#": "1",
                            "ingress.2541437006.cidr_blocks.0": "0.0.0.0/0",
                            "ingress.2541437006.from_port": "22",
                            "ingress.2541437006.protocol": "tcp",
                            "ingress.2541437006.security_groups.#": "0",
                            "ingress.2541437006.self": "false",
                            "ingress.2541437006.to_port": "22",
                            "name": "public-sg",
                            "owner_id": "881363470209",
                            "tags.%": "1",
                            "tags.Name": "public-sg",
                            "vpc_id": "vpc-efc8d689"
                        },
                        "meta": {},
                        "tainted": false
                    },
                    "deposed": [],
                    "provider": ""
                },
                "aws_subnet.database-subnet-1": {
                    "type": "aws_subnet",
                    "depends_on": [
                        "aws_vpc.main-vpc"
                    ],
                    "primary": {
                        "id": "subnet-a842b584",
                        "attributes": {
                            "availability_zone": "us-east-1a",
                            "cidr_block": "10.0.7.0/24",
                            "id": "subnet-a842b584",
                            "map_public_ip_on_launch": "false",
                            "tags.%": "1",
                            "tags.Name": "database-subnet-1",
                            "vpc_id": "vpc-efc8d689"
                        },
                        "meta": {},
                        "tainted": false
                    },
                    "deposed": [],
                    "provider": ""
                },
                "aws_subnet.database-subnet-2": {
                    "type": "aws_subnet",
                    "depends_on": [
                        "aws_vpc.main-vpc"
                    ],
                    "primary": {
                        "id": "subnet-50da7a18",
                        "attributes": {
                            "availability_zone": "us-east-1b",
                            "cidr_block": "10.0.8.0/24",
                            "id": "subnet-50da7a18",
                            "map_public_ip_on_launch": "false",
                            "tags.%": "1",
                            "tags.Name": "database-subnet-2",
                            "vpc_id": "vpc-efc8d689"
                        },
                        "meta": {},
                        "tainted": false
                    },
                    "deposed": [],
                    "provider": ""
                },
                "aws_subnet.database-subnet-3": {
                    "type": "aws_subnet",
                    "depends_on": [
                        "aws_vpc.main-vpc"
                    ],
                    "primary": {
                        "id": "subnet-911bf6cb",
                        "attributes": {
                            "availability_zone": "us-east-1c",
                            "cidr_block": "10.0.9.0/24",
                            "id": "subnet-911bf6cb",
                            "map_public_ip_on_launch": "false",
                            "tags.%": "1",
                            "tags.Name": "database-subnet-3",
                            "vpc_id": "vpc-efc8d689"
                        },
                        "meta": {},
                        "tainted": false
                    },
                    "deposed": [],
                    "provider": ""
                },
                "aws_subnet.private-subnet-1": {
                    "type": "aws_subnet",
                    "depends_on": [
                        "aws_vpc.main-vpc"
                    ],
                    "primary": {
                        "id": "subnet-804eb9ac",
                        "attributes": {
                            "availability_zone": "us-east-1a",
                            "cidr_block": "10.0.4.0/24",
                            "id": "subnet-804eb9ac",
                            "map_public_ip_on_launch": "false",
                            "tags.%": "1",
                            "tags.Name": "private-subnet-1",
                            "vpc_id": "vpc-efc8d689"
                        },
                        "meta": {},
                        "tainted": false
                    },
                    "deposed": [],
                    "provider": ""
                },
                "aws_subnet.private-subnet-2": {
                    "type": "aws_subnet",
                    "depends_on": [
                        "aws_vpc.main-vpc"
                    ],
                    "primary": {
                        "id": "subnet-2bd67663",
                        "attributes": {
                            "availability_zone": "us-east-1b",
                            "cidr_block": "10.0.5.0/24",
                            "id": "subnet-2bd67663",
                            "map_public_ip_on_launch": "false",
                            "tags.%": "1",
                            "tags.Name": "private-subnet-2",
                            "vpc_id": "vpc-efc8d689"
                        },
                        "meta": {},
                        "tainted": false
                    },
                    "deposed": [],
                    "provider": ""
                },
                "aws_subnet.private-subnet-3": {
                    "type": "aws_subnet",
                    "depends_on": [
                        "aws_vpc.main-vpc"
                    ],
                    "primary": {
                        "id": "subnet-b319f4e9",
                        "attributes": {
                            "availability_zone": "us-east-1c",
                            "cidr_block": "10.0.6.0/24",
                            "id": "subnet-b319f4e9",
                            "map_public_ip_on_launch": "false",
                            "tags.%": "1",
                            "tags.Name": "private-subnet-3",
                            "vpc_id": "vpc-efc8d689"
                        },
                        "meta": {},
                        "tainted": false
                    },
                    "deposed": [],
                    "provider": ""
                },
                "aws_subnet.public-subnet-1": {
                    "type": "aws_subnet",
                    "depends_on": [
                        "aws_vpc.main-vpc"
                    ],
                    "primary": {
                        "id": "subnet-a84fb884",
                        "attributes": {
                            "availability_zone": "us-east-1a",
                            "cidr_block": "10.0.1.0/24",
                            "id": "subnet-a84fb884",
                            "map_public_ip_on_launch": "true",
                            "tags.%": "1",
                            "tags.Name": "public-subnet-1",
                            "vpc_id": "vpc-efc8d689"
                        },
                        "meta": {},
                        "tainted": false
                    },
                    "deposed": [],
                    "provider": ""
                },
                "aws_subnet.public-subnet-2": {
                    "type": "aws_subnet",
                    "depends_on": [
                        "aws_vpc.main-vpc"
                    ],
                    "primary": {
                        "id": "subnet-30d47478",
                        "attributes": {
                            "availability_zone": "us-east-1b",
                            "cidr_block": "10.0.2.0/24",
                            "id": "subnet-30d47478",
                            "map_public_ip_on_launch": "true",
                            "tags.%": "1",
                            "tags.Name": "public-subnet-2",
                            "vpc_id": "vpc-efc8d689"
                        },
                        "meta": {},
                        "tainted": false
                    },
                    "deposed": [],
                    "provider": ""
                },
                "aws_subnet.public-subnet-3": {
                    "type": "aws_subnet",
                    "depends_on": [
                        "aws_vpc.main-vpc"
                    ],
                    "primary": {
                        "id": "subnet-6b19f431",
                        "attributes": {
                            "availability_zone": "us-east-1c",
                            "cidr_block": "10.0.3.0/24",
                            "id": "subnet-6b19f431",
                            "map_public_ip_on_launch": "true",
                            "tags.%": "1",
                            "tags.Name": "public-subnet-3",
                            "vpc_id": "vpc-efc8d689"
                        },
                        "meta": {},
                        "tainted": false
                    },
                    "deposed": [],
                    "provider": ""
                },
                "aws_vpc.main-vpc": {
                    "type": "aws_vpc",
                    "depends_on": [],
                    "primary": {
                        "id": "vpc-efc8d689",
                        "attributes": {
                            "cidr_block": "10.0.0.0/16",
                            "default_network_acl_id": "acl-12ea596b",
                            "default_route_table_id": "rtb-880f0cf1",
                            "default_security_group_id": "sg-30ff194e",
                            "dhcp_options_id": "dopt-2e3ba04b",
                            "enable_classiclink": "false",
                            "enable_dns_hostnames": "true",
                            "enable_dns_support": "true",
                            "id": "vpc-efc8d689",
                            "instance_tenancy": "default",
                            "main_route_table_id": "rtb-880f0cf1",
                            "tags.%": "1",
                            "tags.Name": "main-vpc"
                        },
                        "meta": {},
                        "tainted": false
                    },
                    "deposed": [],
                    "provider": ""
                }
            },
            "depends_on": []
        }
    ]
}
