{
    "version": 3,
    "terraform_version": "0.7.13",
    "serial": 6,
    "lineage": "4d67b83f-175a-4a1a-b3c6-9fdcaf8fcf69",
    "modules": [
        {
            "path": [
                "root"
            ],
            "outputs": {},
            "resources": {
                "aws_ebs_volume.ebs-volume-1": {
                    "type": "aws_ebs_volume",
                    "depends_on": [],
                    "primary": {
                        "id": "vol-055d9b45f20156dd0",
                        "attributes": {
                            "availability_zone": "us-east-1a",
                            "encrypted": "false",
                            "id": "vol-055d9b45f20156dd0",
                            "size": "20",
                            "snapshot_id": "",
                            "tags.%": "1",
                            "tags.Name": "extra volume data",
                            "type": "gp2"
                        },
                        "meta": {},
                        "tainted": false
                    },
                    "deposed": [],
                    "provider": ""
                },
                "aws_instance.example": {
                    "type": "aws_instance",
                    "depends_on": [
                        "aws_key_pair.mykeypair",
                        "aws_security_group.public-ssh",
                        "aws_subnet.public-subnet-1"
                    ],
                    "primary": {
                        "id": "i-058a46f9cce4f282b",
                        "attributes": {
                            "ami": "ami-a025aeb6",
                            "associate_public_ip_address": "true",
                            "availability_zone": "us-east-1a",
                            "disable_api_termination": "false",
                            "ebs_block_device.#": "1",
                            "ebs_block_device.3846643179.delete_on_termination": "false",
                            "ebs_block_device.3846643179.device_name": "/dev/xvdh",
                            "ebs_block_device.3846643179.encrypted": "false",
                            "ebs_block_device.3846643179.iops": "100",
                            "ebs_block_device.3846643179.snapshot_id": "",
                            "ebs_block_device.3846643179.volume_size": "20",
                            "ebs_block_device.3846643179.volume_type": "gp2",
                            "ebs_optimized": "false",
                            "ephemeral_block_device.#": "0",
                            "iam_instance_profile": "",
                            "id": "i-058a46f9cce4f282b",
                            "instance_state": "running",
                            "instance_type": "t2.micro",
                            "key_name": "mykeypair",
                            "monitoring": "false",
                            "network_interface_id": "eni-7768aa81",
                            "private_dns": "ip-10-0-1-141.ec2.internal",
                            "private_ip": "10.0.1.141",
                            "public_dns": "ec2-52-23-206-185.compute-1.amazonaws.com",
                            "public_ip": "52.23.206.185",
                            "root_block_device.#": "1",
                            "root_block_device.0.delete_on_termination": "true",
                            "root_block_device.0.iops": "100",
                            "root_block_device.0.volume_size": "8",
                            "root_block_device.0.volume_type": "gp2",
                            "security_groups.#": "0",
                            "source_dest_check": "true",
                            "subnet_id": "subnet-bac43096",
                            "tags.%": "0",
                            "tenancy": "default",
                            "vpc_security_group_ids.#": "1",
                            "vpc_security_group_ids.709805649": "sg-f9130f86"
                        },
                        "meta": {
                            "schema_version": "1"
                        },
                        "tainted": false
                    },
                    "deposed": [],
                    "provider": ""
                },
                "aws_internet_gateway.main-igw": {
                    "type": "aws_internet_gateway",
                    "depends_on": [
                        "aws_vpc.main-vpc"
                    ],
                    "primary": {
                        "id": "igw-f856839e",
                        "attributes": {
                            "id": "igw-f856839e",
                            "tags.%": "1",
                            "tags.Name": "main-igw",
                            "vpc_id": "vpc-0ec5d968"
                        },
                        "meta": {},
                        "tainted": false
                    },
                    "deposed": [],
                    "provider": ""
                },
                "aws_key_pair.mykeypair": {
                    "type": "aws_key_pair",
                    "depends_on": [],
                    "primary": {
                        "id": "mykeypair",
                        "attributes": {
                            "fingerprint": "4c:f8:93:55:40:55:c0:c2:d0:f4:51:ec:3f:dc:d3:2a",
                            "id": "mykeypair",
                            "key_name": "mykeypair",
                            "public_key": "ssh-rsa AAAAB3NzaC1yc2EAAAADAQABAAABAQCqxfGm8ErjuJwCmnqRwUjqVsVb1IOLeo728vkONfrtj5QoE+pqmYG43oZTG5t746PNBvc912b/jMsXDWGfC8caiO/DNQG39ktgxIxMF9cxMJ+hK1B2AMricRPDEs76BlBOJL9zkECbP/7lkEnFZCzHNI0xQ4JaVS+L2wCElIJexPrfyBzeQiv8thUPbq1A5mGpxtCDFSlWx9GxgemaJGQ0TjZKq166pHP527p+YynVhF6yg4B3HmJS3f1tkvijWEa4gGgIMtnSe0JvcmZ5pa7tgbEeZ62TwDnWd/pf2mrSmDiso8KIj1lTTYE9YfJhFvTLHEkGnP78wfvwy17bjT5T ubuntu@ubuntu-xenial"
                        },
                        "meta": {
                            "schema_version": "1"
                        },
                        "tainted": false
                    },
                    "deposed": [],
                    "provider": ""
                },
                "aws_route_table.public-rt": {
                    "type": "aws_route_table",
                    "depends_on": [
                        "aws_internet_gateway.main-igw",
                        "aws_vpc.main-vpc"
                    ],
                    "primary": {
                        "id": "rtb-70eed409",
                        "attributes": {
                            "id": "rtb-70eed409",
                            "propagating_vgws.#": "0",
                            "route.#": "1",
                            "route.2081387413.cidr_block": "0.0.0.0/0",
                            "route.2081387413.gateway_id": "igw-f856839e",
                            "route.2081387413.instance_id": "",
                            "route.2081387413.nat_gateway_id": "",
                            "route.2081387413.network_interface_id": "",
                            "route.2081387413.vpc_peering_connection_id": "",
                            "tags.%": "1",
                            "tags.Name": "public-rt",
                            "vpc_id": "vpc-0ec5d968"
                        },
                        "meta": {},
                        "tainted": false
                    },
                    "deposed": [],
                    "provider": ""
                },
                "aws_route_table_association.main-public-1-a": {
                    "type": "aws_route_table_association",
                    "depends_on": [
                        "aws_route_table.public-rt",
                        "aws_subnet.public-subnet-1"
                    ],
                    "primary": {
                        "id": "rtbassoc-f70cd28c",
                        "attributes": {
                            "id": "rtbassoc-f70cd28c",
                            "route_table_id": "rtb-70eed409",
                            "subnet_id": "subnet-bac43096"
                        },
                        "meta": {},
                        "tainted": false
                    },
                    "deposed": [],
                    "provider": ""
                },
                "aws_route_table_association.main-public-2-a": {
                    "type": "aws_route_table_association",
                    "depends_on": [
                        "aws_route_table.public-rt",
                        "aws_subnet.public-subnet-2"
                    ],
                    "primary": {
                        "id": "rtbassoc-9c0cd2e7",
                        "attributes": {
                            "id": "rtbassoc-9c0cd2e7",
                            "route_table_id": "rtb-70eed409",
                            "subnet_id": "subnet-3645e37e"
                        },
                        "meta": {},
                        "tainted": false
                    },
                    "deposed": [],
                    "provider": ""
                },
                "aws_route_table_association.main-public-3-a": {
                    "type": "aws_route_table_association",
                    "depends_on": [
                        "aws_route_table.public-rt",
                        "aws_subnet.public-subnet-3"
                    ],
                    "primary": {
                        "id": "rtbassoc-f00cd28b",
                        "attributes": {
                            "id": "rtbassoc-f00cd28b",
                            "route_table_id": "rtb-70eed409",
                            "subnet_id": "subnet-f38f6da9"
                        },
                        "meta": {},
                        "tainted": false
                    },
                    "deposed": [],
                    "provider": ""
                },
                "aws_subnet.private-subnet-1": {
                    "type": "aws_subnet",
                    "depends_on": [
                        "aws_vpc.main-vpc"
                    ],
                    "primary": {
                        "id": "subnet-b5c03499",
                        "attributes": {
                            "availability_zone": "us-east-1a",
                            "cidr_block": "10.0.4.0/24",
                            "id": "subnet-b5c03499",
                            "map_public_ip_on_launch": "false",
                            "tags.%": "1",
                            "tags.Name": "private-subnet-1",
                            "vpc_id": "vpc-0ec5d968"
                        },
                        "meta": {},
                        "tainted": false
                    },
                    "deposed": [],
                    "provider": ""
                },
                "aws_subnet.private-subnet-2": {
                    "type": "aws_subnet",
                    "depends_on": [
                        "aws_vpc.main-vpc"
                    ],
                    "primary": {
                        "id": "subnet-e147e1a9",
                        "attributes": {
                            "availability_zone": "us-east-1b",
                            "cidr_block": "10.0.5.0/24",
                            "id": "subnet-e147e1a9",
                            "map_public_ip_on_launch": "false",
                            "tags.%": "1",
                            "tags.Name": "private-subnet-2",
                            "vpc_id": "vpc-0ec5d968"
                        },
                        "meta": {},
                        "tainted": false
                    },
                    "deposed": [],
                    "provider": ""
                },
                "aws_subnet.private-subnet-3": {
                    "type": "aws_subnet",
                    "depends_on": [
                        "aws_vpc.main-vpc"
                    ],
                    "primary": {
                        "id": "subnet-17886a4d",
                        "attributes": {
                            "availability_zone": "us-east-1c",
                            "cidr_block": "10.0.6.0/24",
                            "id": "subnet-17886a4d",
                            "map_public_ip_on_launch": "false",
                            "tags.%": "1",
                            "tags.Name": "private-subnet-3",
                            "vpc_id": "vpc-0ec5d968"
                        },
                        "meta": {},
                        "tainted": false
                    },
                    "deposed": [],
                    "provider": ""
                },
                "aws_subnet.public-subnet-1": {
                    "type": "aws_subnet",
                    "depends_on": [
                        "aws_vpc.main-vpc"
                    ],
                    "primary": {
                        "id": "subnet-bac43096",
                        "attributes": {
                            "availability_zone": "us-east-1a",
                            "cidr_block": "10.0.1.0/24",
                            "id": "subnet-bac43096",
                            "map_public_ip_on_launch": "true",
                            "tags.%": "1",
                            "tags.Name": "public-subnet-1",
                            "vpc_id": "vpc-0ec5d968"
                        },
                        "meta": {},
                        "tainted": false
                    },
                    "deposed": [],
                    "provider": ""
                },
                "aws_subnet.public-subnet-2": {
                    "type": "aws_subnet",
                    "depends_on": [
                        "aws_vpc.main-vpc"
                    ],
                    "primary": {
                        "id": "subnet-3645e37e",
                        "attributes": {
                            "availability_zone": "us-east-1b",
                            "cidr_block": "10.0.2.0/24",
                            "id": "subnet-3645e37e",
                            "map_public_ip_on_launch": "true",
                            "tags.%": "1",
                            "tags.Name": "public-subnet-2",
                            "vpc_id": "vpc-0ec5d968"
                        },
                        "meta": {},
                        "tainted": false
                    },
                    "deposed": [],
                    "provider": ""
                },
                "aws_subnet.public-subnet-3": {
                    "type": "aws_subnet",
                    "depends_on": [
                        "aws_vpc.main-vpc"
                    ],
                    "primary": {
                        "id": "subnet-f38f6da9",
                        "attributes": {
                            "availability_zone": "us-east-1c",
                            "cidr_block": "10.0.3.0/24",
                            "id": "subnet-f38f6da9",
                            "map_public_ip_on_launch": "true",
                            "tags.%": "1",
                            "tags.Name": "public-subnet-3",
                            "vpc_id": "vpc-0ec5d968"
                        },
                        "meta": {},
                        "tainted": false
                    },
                    "deposed": [],
                    "provider": ""
                },
                "aws_volume_attachment.ebs-volume-1-attachment": {
                    "type": "aws_volume_attachment",
                    "depends_on": [
                        "aws_ebs_volume.ebs-volume-1",
                        "aws_instance.example"
                    ],
                    "primary": {
                        "id": "vai-2566233681",
                        "attributes": {
                            "device_name": "/dev/xvdh",
                            "id": "vai-2566233681",
                            "instance_id": "i-058a46f9cce4f282b",
                            "volume_id": "vol-055d9b45f20156dd0"
                        },
                        "meta": {},
                        "tainted": false
                    },
                    "deposed": [],
                    "provider": ""
                },
                "aws_vpc.main-vpc": {
                    "type": "aws_vpc",
                    "depends_on": [],
                    "primary": {
                        "id": "vpc-0ec5d968",
                        "attributes": {
                            "cidr_block": "10.0.0.0/16",
                            "default_network_acl_id": "acl-1f289e66",
                            "default_route_table_id": "rtb-dfecd6a6",
                            "default_security_group_id": "sg-d70c10a8",
                            "dhcp_options_id": "dopt-a1675dc6",
                            "enable_classiclink": "false",
                            "enable_dns_hostnames": "true",
                            "enable_dns_support": "true",
                            "id": "vpc-0ec5d968",
                            "instance_tenancy": "default",
                            "main_route_table_id": "rtb-dfecd6a6",
                            "tags.%": "1",
                            "tags.Name": "main-vpc"
                        },
                        "meta": {},
                        "tainted": false
                    },
                    "deposed": [],
                    "provider": ""
                }
            },
            "depends_on": []
        }
    ]
}
