{
    "version": 3,
    "terraform_version": "0.7.13",
    "serial": 25,
    "lineage": "4d67b83f-175a-4a1a-b3c6-9fdcaf8fcf69",
    "modules": [
        {
            "path": [
                "root"
            ],
            "outputs": {},
            "resources": {
                "aws_eip.nat": {
                    "type": "aws_eip",
                    "depends_on": [],
                    "primary": {
                        "id": "eipalloc-36103d07",
                        "attributes": {
                            "association_id": "",
                            "domain": "vpc",
                            "id": "eipalloc-36103d07",
                            "instance": "",
                            "network_interface": "",
                            "private_ip": "",
                            "public_ip": "34.202.96.197",
                            "vpc": "true"
                        },
                        "meta": {},
                        "tainted": false
                    },
                    "deposed": [],
                    "provider": ""
                },
                "aws_instance.jumpserver": {
                    "type": "aws_instance",
                    "depends_on": [
                        "aws_key_pair.mykeypair",
                        "aws_security_group.public-sg",
                        "aws_subnet.public-subnet-1"
                    ],
                    "primary": {
                        "id": "i-05fb67083924412c0",
                        "attributes": {
                            "ami": "ami-c58c1dd3",
                            "associate_public_ip_address": "true",
                            "availability_zone": "us-east-1a",
                            "disable_api_termination": "false",
                            "ebs_block_device.#": "0",
                            "ebs_optimized": "false",
                            "ephemeral_block_device.#": "0",
                            "iam_instance_profile": "",
                            "id": "i-05fb67083924412c0",
                            "instance_state": "running",
                            "instance_type": "t2.micro",
                            "key_name": "mykeypair",
                            "monitoring": "false",
                            "network_interface_id": "eni-0abb67fc",
                            "private_dns": "ip-10-0-1-217.ec2.internal",
                            "private_ip": "10.0.1.217",
                            "public_dns": "ec2-54-152-50-136.compute-1.amazonaws.com",
                            "public_ip": "54.152.50.136",
                            "root_block_device.#": "1",
                            "root_block_device.0.delete_on_termination": "true",
                            "root_block_device.0.iops": "100",
                            "root_block_device.0.volume_size": "8",
                            "root_block_device.0.volume_type": "gp2",
                            "security_groups.#": "0",
                            "source_dest_check": "true",
                            "subnet_id": "subnet-2945b205",
                            "tags.%": "1",
                            "tags.Name": "jumpserver",
                            "tenancy": "default",
                            "vpc_security_group_ids.#": "1",
                            "vpc_security_group_ids.1573775795": "sg-78e10706"
                        },
                        "meta": {
                            "schema_version": "1"
                        },
                        "tainted": false
                    },
                    "deposed": [],
                    "provider": ""
                },
                "aws_internet_gateway.main-igw": {
                    "type": "aws_internet_gateway",
                    "depends_on": [
                        "aws_vpc.main-vpc"
                    ],
                    "primary": {
                        "id": "igw-5e00d738",
                        "attributes": {
                            "id": "igw-5e00d738",
                            "tags.%": "1",
                            "tags.Name": "main-igw",
                            "vpc_id": "vpc-38cdd35e"
                        },
                        "meta": {},
                        "tainted": false
                    },
                    "deposed": [],
                    "provider": ""
                },
                "aws_key_pair.mykeypair": {
                    "type": "aws_key_pair",
                    "depends_on": [],
                    "primary": {
                        "id": "mykeypair",
                        "attributes": {
                            "id": "mykeypair",
                            "key_name": "mykeypair",
                            "public_key": "ssh-rsa AAAAB3NzaC1yc2EAAAADAQABAAABAQCqxfGm8ErjuJwCmnqRwUjqVsVb1IOLeo728vkONfrtj5QoE+pqmYG43oZTG5t746PNBvc912b/jMsXDWGfC8caiO/DNQG39ktgxIxMF9cxMJ+hK1B2AMricRPDEs76BlBOJL9zkECbP/7lkEnFZCzHNI0xQ4JaVS+L2wCElIJexPrfyBzeQiv8thUPbq1A5mGpxtCDFSlWx9GxgemaJGQ0TjZKq166pHP527p+YynVhF6yg4B3HmJS3f1tkvijWEa4gGgIMtnSe0JvcmZ5pa7tgbEeZ62TwDnWd/pf2mrSmDiso8KIj1lTTYE9YfJhFvTLHEkGnP78wfvwy17bjT5T ubuntu@ubuntu-xenial"
                        },
                        "meta": {
                            "schema_version": "1"
                        },
                        "tainted": false
                    },
                    "deposed": [],
                    "provider": ""
                },
                "aws_nat_gateway.nat-gw": {
                    "type": "aws_nat_gateway",
                    "depends_on": [
                        "aws_eip.nat",
                        "aws_internet_gateway.main-igw",
                        "aws_subnet.public-subnet-1"
                    ],
                    "primary": {
                        "id": "nat-01842112a415cdf99",
                        "attributes": {
                            "allocation_id": "eipalloc-36103d07",
                            "id": "nat-01842112a415cdf99",
                            "network_interface_id": "eni-8cb76b7a",
                            "private_ip": "10.0.1.106",
                            "public_ip": "34.202.96.197",
                            "subnet_id": "subnet-2945b205"
                        },
                        "meta": {},
                        "tainted": false
                    },
                    "deposed": [],
                    "provider": ""
                },
                "aws_network_acl.private-network-acl": {
                    "type": "aws_network_acl",
                    "depends_on": [
                        "aws_subnet.private-subnet-1",
                        "aws_subnet.private-subnet-2",
                        "aws_subnet.private-subnet-3",
                        "aws_vpc.main-vpc"
                    ],
                    "primary": {
                        "id": "acl-f6ea598f",
                        "attributes": {
                            "egress.#": "1",
                            "egress.296684381.action": "allow",
                            "egress.296684381.cidr_block": "0.0.0.0/0",
                            "egress.296684381.from_port": "0",
                            "egress.296684381.icmp_code": "0",
                            "egress.296684381.icmp_type": "0",
                            "egress.296684381.protocol": "-1",
                            "egress.296684381.rule_no": "100",
                            "egress.296684381.to_port": "0",
                            "id": "acl-f6ea598f",
                            "ingress.#": "1",
                            "ingress.296684381.action": "allow",
                            "ingress.296684381.cidr_block": "0.0.0.0/0",
                            "ingress.296684381.from_port": "0",
                            "ingress.296684381.icmp_code": "0",
                            "ingress.296684381.icmp_type": "0",
                            "ingress.296684381.protocol": "-1",
                            "ingress.296684381.rule_no": "100",
                            "ingress.296684381.to_port": "0",
                            "subnet_ids.#": "3",
                            "subnet_ids.1065739861": "subnet-1c41b630",
                            "subnet_ids.2334682723": "subnet-bb1ff2e1",
                            "subnet_ids.3878365099": "subnet-1dd47455",
                            "tags.%": "1",
                            "tags.Name": "private-network-acl",
                            "vpc_id": "vpc-38cdd35e"
                        },
                        "meta": {},
                        "tainted": false
                    },
                    "deposed": [],
                    "provider": ""
                },
                "aws_network_acl.public-network-acl": {
                    "type": "aws_network_acl",
                    "depends_on": [
                        "aws_subnet.public-subnet-1",
                        "aws_subnet.public-subnet-2",
                        "aws_subnet.public-subnet-3",
                        "aws_vpc.main-vpc"
                    ],
                    "primary": {
                        "id": "acl-9eea59e7",
                        "attributes": {
                            "egress.#": "1",
                            "egress.296684381.action": "allow",
                            "egress.296684381.cidr_block": "0.0.0.0/0",
                            "egress.296684381.from_port": "0",
                            "egress.296684381.icmp_code": "0",
                            "egress.296684381.icmp_type": "0",
                            "egress.296684381.protocol": "-1",
                            "egress.296684381.rule_no": "100",
                            "egress.296684381.to_port": "0",
                            "id": "acl-9eea59e7",
                            "ingress.#": "1",
                            "ingress.296684381.action": "allow",
                            "ingress.296684381.cidr_block": "0.0.0.0/0",
                            "ingress.296684381.from_port": "0",
                            "ingress.296684381.icmp_code": "0",
                            "ingress.296684381.icmp_type": "0",
                            "ingress.296684381.protocol": "-1",
                            "ingress.296684381.rule_no": "100",
                            "ingress.296684381.to_port": "0",
                            "subnet_ids.#": "3",
                            "subnet_ids.1515475715": "subnet-c8d27280",
                            "subnet_ids.2673999391": "subnet-2945b205",
                            "subnet_ids.3442689566": "subnet-f11ef3ab",
                            "tags.%": "1",
                            "tags.Name": "public-network-acl",
                            "vpc_id": "vpc-38cdd35e"
                        },
                        "meta": {},
                        "tainted": false
                    },
                    "deposed": [],
                    "provider": ""
                },
                "aws_route_table.private-rt": {
                    "type": "aws_route_table",
                    "depends_on": [
                        "aws_nat_gateway.nat-gw",
                        "aws_vpc.main-vpc"
                    ],
                    "primary": {
                        "id": "rtb-2700035e",
                        "attributes": {
                            "id": "rtb-2700035e",
                            "propagating_vgws.#": "0",
                            "route.#": "1",
                            "route.4291057157.cidr_block": "0.0.0.0/0",
                            "route.4291057157.gateway_id": "",
                            "route.4291057157.instance_id": "",
                            "route.4291057157.nat_gateway_id": "nat-01842112a415cdf99",
                            "route.4291057157.network_interface_id": "",
                            "route.4291057157.vpc_peering_connection_id": "",
                            "tags.%": "1",
                            "tags.Name": "private-rt",
                            "vpc_id": "vpc-38cdd35e"
                        },
                        "meta": {},
                        "tainted": false
                    },
                    "deposed": [],
                    "provider": ""
                },
                "aws_route_table.public-rt": {
                    "type": "aws_route_table",
                    "depends_on": [
                        "aws_internet_gateway.main-igw",
                        "aws_vpc.main-vpc"
                    ],
                    "primary": {
                        "id": "rtb-e0030099",
                        "attributes": {
                            "id": "rtb-e0030099",
                            "propagating_vgws.#": "0",
                            "route.#": "1",
                            "route.312366898.cidr_block": "0.0.0.0/0",
                            "route.312366898.gateway_id": "igw-5e00d738",
                            "route.312366898.instance_id": "",
                            "route.312366898.nat_gateway_id": "",
                            "route.312366898.network_interface_id": "",
                            "route.312366898.vpc_peering_connection_id": "",
                            "tags.%": "1",
                            "tags.Name": "public-rt",
                            "vpc_id": "vpc-38cdd35e"
                        },
                        "meta": {},
                        "tainted": false
                    },
                    "deposed": [],
                    "provider": ""
                },
                "aws_route_table_association.database-private-1-a": {
                    "type": "aws_route_table_association",
                    "depends_on": [
                        "aws_route_table.private-rt",
                        "aws_subnet.database-subnet-1"
                    ],
                    "primary": {
                        "id": "rtbassoc-4616cd3d",
                        "attributes": {
                            "id": "rtbassoc-4616cd3d",
                            "route_table_id": "rtb-2700035e",
                            "subnet_id": "subnet-b443b498"
                        },
                        "meta": {},
                        "tainted": false
                    },
                    "deposed": [],
                    "provider": ""
                },
                "aws_route_table_association.database-private-2-a": {
                    "type": "aws_route_table_association",
                    "depends_on": [
                        "aws_route_table.private-rt",
                        "aws_subnet.database-subnet-2"
                    ],
                    "primary": {
                        "id": "rtbassoc-6812c913",
                        "attributes": {
                            "id": "rtbassoc-6812c913",
                            "route_table_id": "rtb-2700035e",
                            "subnet_id": "subnet-cdd07085"
                        },
                        "meta": {},
                        "tainted": false
                    },
                    "deposed": [],
                    "provider": ""
                },
                "aws_route_table_association.database-private-3-a": {
                    "type": "aws_route_table_association",
                    "depends_on": [
                        "aws_route_table.private-rt",
                        "aws_subnet.database-subnet-3"
                    ],
                    "primary": {
                        "id": "rtbassoc-de11caa5",
                        "attributes": {
                            "id": "rtbassoc-de11caa5",
                            "route_table_id": "rtb-2700035e",
                            "subnet_id": "subnet-0119f45b"
                        },
                        "meta": {},
                        "tainted": false
                    },
                    "deposed": [],
                    "provider": ""
                },
                "aws_route_table_association.main-private-1-a": {
                    "type": "aws_route_table_association",
                    "depends_on": [
                        "aws_route_table.private-rt",
                        "aws_subnet.private-subnet-1"
                    ],
                    "primary": {
                        "id": "rtbassoc-b815cec3",
                        "attributes": {
                            "id": "rtbassoc-b815cec3",
                            "route_table_id": "rtb-2700035e",
                            "subnet_id": "subnet-1c41b630"
                        },
                        "meta": {},
                        "tainted": false
                    },
                    "deposed": [],
                    "provider": ""
                },
                "aws_route_table_association.main-private-2-a": {
                    "type": "aws_route_table_association",
                    "depends_on": [
                        "aws_route_table.private-rt",
                        "aws_subnet.private-subnet-2"
                    ],
                    "primary": {
                        "id": "rtbassoc-0112c97a",
                        "attributes": {
                            "id": "rtbassoc-0112c97a",
                            "route_table_id": "rtb-2700035e",
                            "subnet_id": "subnet-1dd47455"
                        },
                        "meta": {},
                        "tainted": false
                    },
                    "deposed": [],
                    "provider": ""
                },
                "aws_route_table_association.main-private-3-a": {
                    "type": "aws_route_table_association",
                    "depends_on": [
                        "aws_route_table.private-rt",
                        "aws_subnet.private-subnet-3"
                    ],
                    "primary": {
                        "id": "rtbassoc-ee16cd95",
                        "attributes": {
                            "id": "rtbassoc-ee16cd95",
                            "route_table_id": "rtb-2700035e",
                            "subnet_id": "subnet-bb1ff2e1"
                        },
                        "meta": {},
                        "tainted": false
                    },
                    "deposed": [],
                    "provider": ""
                },
                "aws_route_table_association.main-public-1-a": {
                    "type": "aws_route_table_association",
                    "depends_on": [
                        "aws_route_table.public-rt",
                        "aws_subnet.public-subnet-1"
                    ],
                    "primary": {
                        "id": "rtbassoc-4e11ca35",
                        "attributes": {
                            "id": "rtbassoc-4e11ca35",
                            "route_table_id": "rtb-e0030099",
                            "subnet_id": "subnet-2945b205"
                        },
                        "meta": {},
                        "tainted": false
                    },
                    "deposed": [],
                    "provider": ""
                },
                "aws_route_table_association.main-public-2-a": {
                    "type": "aws_route_table_association",
                    "depends_on": [
                        "aws_route_table.public-rt",
                        "aws_subnet.public-subnet-2"
                    ],
                    "primary": {
                        "id": "rtbassoc-2710cb5c",
                        "attributes": {
                            "id": "rtbassoc-2710cb5c",
                            "route_table_id": "rtb-e0030099",
                            "subnet_id": "subnet-c8d27280"
                        },
                        "meta": {},
                        "tainted": false
                    },
                    "deposed": [],
                    "provider": ""
                },
                "aws_route_table_association.main-public-3-a": {
                    "type": "aws_route_table_association",
                    "depends_on": [
                        "aws_route_table.public-rt",
                        "aws_subnet.public-subnet-3"
                    ],
                    "primary": {
                        "id": "rtbassoc-2010cb5b",
                        "attributes": {
                            "id": "rtbassoc-2010cb5b",
                            "route_table_id": "rtb-e0030099",
                            "subnet_id": "subnet-f11ef3ab"
                        },
                        "meta": {},
                        "tainted": false
                    },
                    "deposed": [],
                    "provider": ""
                },
                "aws_security_group.private-sg": {
                    "type": "aws_security_group",
                    "depends_on": [
                        "aws_security_group.public-sg",
                        "aws_vpc.main-vpc"
                    ],
                    "primary": {
                        "id": "sg-0de20473",
                        "attributes": {
                            "description": "app security group",
                            "egress.#": "1",
                            "egress.482069346.cidr_blocks.#": "1",
                            "egress.482069346.cidr_blocks.0": "0.0.0.0/0",
                            "egress.482069346.from_port": "0",
                            "egress.482069346.prefix_list_ids.#": "0",
                            "egress.482069346.protocol": "-1",
                            "egress.482069346.security_groups.#": "0",
                            "egress.482069346.self": "false",
                            "egress.482069346.to_port": "0",
                            "id": "sg-0de20473",
                            "ingress.#": "1",
                            "ingress.2092921549.cidr_blocks.#": "0",
                            "ingress.2092921549.from_port": "22",
                            "ingress.2092921549.protocol": "-1",
                            "ingress.2092921549.security_groups.#": "1",
                            "ingress.2092921549.security_groups.1573775795": "sg-78e10706",
                            "ingress.2092921549.self": "false",
                            "ingress.2092921549.to_port": "22",
                            "name": "private-sg",
                            "tags.%": "1",
                            "tags.Name": "private-sg",
                            "vpc_id": "vpc-38cdd35e"
                        },
                        "meta": {},
                        "tainted": false
                    },
                    "deposed": [],
                    "provider": ""
                },
                "aws_security_group.public-sg": {
                    "type": "aws_security_group",
                    "depends_on": [
                        "aws_vpc.main-vpc"
                    ],
                    "primary": {
                        "id": "sg-78e10706",
                        "attributes": {
                            "description": "public security group",
                            "egress.#": "1",
                            "egress.482069346.cidr_blocks.#": "1",
                            "egress.482069346.cidr_blocks.0": "0.0.0.0/0",
                            "egress.482069346.from_port": "0",
                            "egress.482069346.prefix_list_ids.#": "0",
                            "egress.482069346.protocol": "-1",
                            "egress.482069346.security_groups.#": "0",
                            "egress.482069346.self": "false",
                            "egress.482069346.to_port": "0",
                            "id": "sg-78e10706",
                            "ingress.#": "1",
                            "ingress.2541437006.cidr_blocks.#": "1",
                            "ingress.2541437006.cidr_blocks.0": "0.0.0.0/0",
                            "ingress.2541437006.from_port": "22",
                            "ingress.2541437006.protocol": "tcp",
                            "ingress.2541437006.security_groups.#": "0",
                            "ingress.2541437006.self": "false",
                            "ingress.2541437006.to_port": "22",
                            "name": "public-sg",
                            "owner_id": "881363470209",
                            "tags.%": "1",
                            "tags.Name": "public-sg",
                            "vpc_id": "vpc-38cdd35e"
                        },
                        "meta": {},
                        "tainted": false
                    },
                    "deposed": [],
                    "provider": ""
                },
                "aws_subnet.database-subnet-1": {
                    "type": "aws_subnet",
                    "depends_on": [
                        "aws_vpc.main-vpc"
                    ],
                    "primary": {
                        "id": "subnet-b443b498",
                        "attributes": {
                            "availability_zone": "us-east-1a",
                            "cidr_block": "10.0.7.0/24",
                            "id": "subnet-b443b498",
                            "map_public_ip_on_launch": "false",
                            "tags.%": "1",
                            "tags.Name": "database-subnet-1",
                            "vpc_id": "vpc-38cdd35e"
                        },
                        "meta": {},
                        "tainted": false
                    },
                    "deposed": [],
                    "provider": ""
                },
                "aws_subnet.database-subnet-2": {
                    "type": "aws_subnet",
                    "depends_on": [
                        "aws_vpc.main-vpc"
                    ],
                    "primary": {
                        "id": "subnet-cdd07085",
                        "attributes": {
                            "availability_zone": "us-east-1b",
                            "cidr_block": "10.0.8.0/24",
                            "id": "subnet-cdd07085",
                            "map_public_ip_on_launch": "false",
                            "tags.%": "1",
                            "tags.Name": "database-subnet-2",
                            "vpc_id": "vpc-38cdd35e"
                        },
                        "meta": {},
                        "tainted": false
                    },
                    "deposed": [],
                    "provider": ""
                },
                "aws_subnet.database-subnet-3": {
                    "type": "aws_subnet",
                    "depends_on": [
                        "aws_vpc.main-vpc"
                    ],
                    "primary": {
                        "id": "subnet-0119f45b",
                        "attributes": {
                            "availability_zone": "us-east-1c",
                            "cidr_block": "10.0.9.0/24",
                            "id": "subnet-0119f45b",
                            "map_public_ip_on_launch": "false",
                            "tags.%": "1",
                            "tags.Name": "database-subnet-3",
                            "vpc_id": "vpc-38cdd35e"
                        },
                        "meta": {},
                        "tainted": false
                    },
                    "deposed": [],
                    "provider": ""
                },
                "aws_subnet.private-subnet-1": {
                    "type": "aws_subnet",
                    "depends_on": [
                        "aws_vpc.main-vpc"
                    ],
                    "primary": {
                        "id": "subnet-1c41b630",
                        "attributes": {
                            "availability_zone": "us-east-1a",
                            "cidr_block": "10.0.4.0/24",
                            "id": "subnet-1c41b630",
                            "map_public_ip_on_launch": "false",
                            "tags.%": "1",
                            "tags.Name": "private-subnet-1",
                            "vpc_id": "vpc-38cdd35e"
                        },
                        "meta": {},
                        "tainted": false
                    },
                    "deposed": [],
                    "provider": ""
                },
                "aws_subnet.private-subnet-2": {
                    "type": "aws_subnet",
                    "depends_on": [
                        "aws_vpc.main-vpc"
                    ],
                    "primary": {
                        "id": "subnet-1dd47455",
                        "attributes": {
                            "availability_zone": "us-east-1b",
                            "cidr_block": "10.0.5.0/24",
                            "id": "subnet-1dd47455",
                            "map_public_ip_on_launch": "false",
                            "tags.%": "1",
                            "tags.Name": "private-subnet-2",
                            "vpc_id": "vpc-38cdd35e"
                        },
                        "meta": {},
                        "tainted": false
                    },
                    "deposed": [],
                    "provider": ""
                },
                "aws_subnet.private-subnet-3": {
                    "type": "aws_subnet",
                    "depends_on": [
                        "aws_vpc.main-vpc"
                    ],
                    "primary": {
                        "id": "subnet-bb1ff2e1",
                        "attributes": {
                            "availability_zone": "us-east-1c",
                            "cidr_block": "10.0.6.0/24",
                            "id": "subnet-bb1ff2e1",
                            "map_public_ip_on_launch": "false",
                            "tags.%": "1",
                            "tags.Name": "private-subnet-3",
                            "vpc_id": "vpc-38cdd35e"
                        },
                        "meta": {},
                        "tainted": false
                    },
                    "deposed": [],
                    "provider": ""
                },
                "aws_subnet.public-subnet-1": {
                    "type": "aws_subnet",
                    "depends_on": [
                        "aws_vpc.main-vpc"
                    ],
                    "primary": {
                        "id": "subnet-2945b205",
                        "attributes": {
                            "availability_zone": "us-east-1a",
                            "cidr_block": "10.0.1.0/24",
                            "id": "subnet-2945b205",
                            "map_public_ip_on_launch": "true",
                            "tags.%": "1",
                            "tags.Name": "public-subnet-1",
                            "vpc_id": "vpc-38cdd35e"
                        },
                        "meta": {},
                        "tainted": false
                    },
                    "deposed": [],
                    "provider": ""
                },
                "aws_subnet.public-subnet-2": {
                    "type": "aws_subnet",
                    "depends_on": [
                        "aws_vpc.main-vpc"
                    ],
                    "primary": {
                        "id": "subnet-c8d27280",
                        "attributes": {
                            "availability_zone": "us-east-1b",
                            "cidr_block": "10.0.2.0/24",
                            "id": "subnet-c8d27280",
                            "map_public_ip_on_launch": "true",
                            "tags.%": "1",
                            "tags.Name": "public-subnet-2",
                            "vpc_id": "vpc-38cdd35e"
                        },
                        "meta": {},
                        "tainted": false
                    },
                    "deposed": [],
                    "provider": ""
                },
                "aws_subnet.public-subnet-3": {
                    "type": "aws_subnet",
                    "depends_on": [
                        "aws_vpc.main-vpc"
                    ],
                    "primary": {
                        "id": "subnet-f11ef3ab",
                        "attributes": {
                            "availability_zone": "us-east-1c",
                            "cidr_block": "10.0.3.0/24",
                            "id": "subnet-f11ef3ab",
                            "map_public_ip_on_launch": "true",
                            "tags.%": "1",
                            "tags.Name": "public-subnet-3",
                            "vpc_id": "vpc-38cdd35e"
                        },
                        "meta": {},
                        "tainted": false
                    },
                    "deposed": [],
                    "provider": ""
                },
                "aws_vpc.main-vpc": {
                    "type": "aws_vpc",
                    "depends_on": [],
                    "primary": {
                        "id": "vpc-38cdd35e",
                        "attributes": {
                            "cidr_block": "10.0.0.0/16",
                            "default_network_acl_id": "acl-9fea59e6",
                            "default_route_table_id": "rtb-cf7d7eb6",
                            "default_security_group_id": "sg-b1e204cf",
                            "dhcp_options_id": "dopt-2e3ba04b",
                            "enable_classiclink": "false",
                            "enable_dns_hostnames": "true",
                            "enable_dns_support": "true",
                            "id": "vpc-38cdd35e",
                            "instance_tenancy": "default",
                            "main_route_table_id": "rtb-cf7d7eb6",
                            "tags.%": "1",
                            "tags.Name": "main-vpc"
                        },
                        "meta": {},
                        "tainted": false
                    },
                    "deposed": [],
                    "provider": ""
                }
            },
            "depends_on": []
        }
    ]
}
