{
    "version": 3,
    "terraform_version": "0.7.13",
    "serial": 0,
    "lineage": "0b136e8a-6f34-42d2-8789-948b5751f563",
    "modules": [
        {
            "path": [
                "root"
            ],
            "outputs": {},
            "resources": {
                "aws_instance.example": {
                    "type": "aws_instance",
                    "depends_on": [
                        "aws_key_pair.mykey"
                    ],
                    "primary": {
                        "id": "i-0567dc8e2d94d7746",
                        "attributes": {
                            "ami": "ami-a025aeb6",
                            "associate_public_ip_address": "true",
                            "availability_zone": "us-east-1b",
                            "disable_api_termination": "false",
                            "ebs_block_device.#": "0",
                            "ebs_optimized": "false",
                            "ephemeral_block_device.#": "0",
                            "iam_instance_profile": "",
                            "id": "i-0567dc8e2d94d7746",
                            "instance_state": "running",
                            "instance_type": "t2.micro",
                            "key_name": "mykey",
                            "monitoring": "false",
                            "network_interface_id": "eni-f939391c",
                            "private_dns": "ip-172-31-16-137.ec2.internal",
                            "private_ip": "172.31.16.137",
                            "public_dns": "ec2-34-204-108-178.compute-1.amazonaws.com",
                            "public_ip": "34.204.108.178",
                            "root_block_device.#": "1",
                            "root_block_device.0.delete_on_termination": "true",
                            "root_block_device.0.iops": "100",
                            "root_block_device.0.volume_size": "8",
                            "root_block_device.0.volume_type": "gp2",
                            "security_groups.#": "0",
                            "source_dest_check": "true",
                            "subnet_id": "subnet-5dcb0815",
                            "tags.%": "0",
                            "tenancy": "default",
                            "vpc_security_group_ids.#": "1",
                            "vpc_security_group_ids.440386290": "sg-93c2adec"
                        },
                        "meta": {
                            "schema_version": "1"
                        },
                        "tainted": false
                    },
                    "deposed": [],
                    "provider": ""
                },
                "aws_key_pair.mykey": {
                    "type": "aws_key_pair",
                    "depends_on": [],
                    "primary": {
                        "id": "mykey",
                        "attributes": {
                            "id": "mykey",
                            "key_name": "mykey",
                            "public_key": "ssh-rsa AAAAB3NzaC1yc2EAAAADAQABAAABAQCqxfGm8ErjuJwCmnqRwUjqVsVb1IOLeo728vkONfrtj5QoE+pqmYG43oZTG5t746PNBvc912b/jMsXDWGfC8caiO/DNQG39ktgxIxMF9cxMJ+hK1B2AMricRPDEs76BlBOJL9zkECbP/7lkEnFZCzHNI0xQ4JaVS+L2wCElIJexPrfyBzeQiv8thUPbq1A5mGpxtCDFSlWx9GxgemaJGQ0TjZKq166pHP527p+YynVhF6yg4B3HmJS3f1tkvijWEa4gGgIMtnSe0JvcmZ5pa7tgbEeZ62TwDnWd/pf2mrSmDiso8KIj1lTTYE9YfJhFvTLHEkGnP78wfvwy17bjT5T ubuntu@ubuntu-xenial"
                        },
                        "meta": {
                            "schema_version": "1"
                        },
                        "tainted": false
                    },
                    "deposed": [],
                    "provider": ""
                }
            },
            "depends_on": []
        }
    ]
}
